
Microsoft Visual Studio Solution File, Format Version 12.00
# Visual Studio 15
VisualStudioVersion = 15.0.28010.2016
MinimumVisualStudioVersion = 10.0.40219.1
Project("{FAE04EC0-301F-11D3-BF4B-00C04F79EFBC}") = "WebApplication1", "WebApplication1\WebApplication1.csproj", "{51911ECE-9550-4258-A87C-3A6E37524CC1}"
EndProject
Global
	GlobalSection(SolutionConfigurationPlatforms) = preSolution
		Debug|Any CPU = Debug|Any CPU
		Release|Any CPU = Release|Any CPU
	EndGlobalSection
	GlobalSection(ProjectConfigurationPlatforms) = postSolution
		{51911ECE-9550-4258-A87C-3A6E37524CC1}.Debug|Any CPU.ActiveCfg = Debug|Any CPU
		{51911ECE-9550-4258-A87C-3A6E37524CC1}.Debug|Any CPU.Build.0 = Debug|Any CPU
		{51911ECE-9550-4258-A87C-3A6E37524CC1}.Release|Any CPU.ActiveCfg = Release|Any CPU
		{51911ECE-9550-4258-A87C-3A6E37524CC1}.Release|Any CPU.Build.0 = Release|Any CPU
	EndGlobalSection
	GlobalSection(SolutionProperties) = preSolution
		HideSolutionNode = FALSE
	EndGlobalSection
	GlobalSection(ExtensibilityGlobals) = postSolution
		SolutionGuid = {AB745B13-D9DA-4FBD-9B53-C5F598CBB5BC}
	EndGlobalSection
EndGlobal
